// !$*UTF8*$!
{
	archiveVersion = 1;
	classes = {
	};
	objectVersion = 55;
	objects = {

/* Begin PBXBuildFile section */
		43B4E13627672B2200842E19 /* Chest.swift in Sources */ = {isa = PBXBuildFile; fileRef = 43B4E13527672B2200842E19 /* Chest.swift */; };
		43B4E13827672C5200842E19 /* Axe.swift in Sources */ = {isa = PBXBuildFile; fileRef = 43B4E13727672C5200842E19 /* Axe.swift */; };
		43B4E13A27672C8400842E19 /* Sword.swift in Sources */ = {isa = PBXBuildFile; fileRef = 43B4E13927672C8400842E19 /* Sword.swift */; };
		43B4E13C27672D9B00842E19 /* Colossus.swift in Sources */ = {isa = PBXBuildFile; fileRef = 43B4E13B27672D9B00842E19 /* Colossus.swift */; };
		43B4E13E27672DAB00842E19 /* Dwarf.swift in Sources */ = {isa = PBXBuildFile; fileRef = 43B4E13D27672DAB00842E19 /* Dwarf.swift */; };
		43B4E14027672DC000842E19 /* Warrior.swift in Sources */ = {isa = PBXBuildFile; fileRef = 43B4E13F27672DC000842E19 /* Warrior.swift */; };
		43B4E14227672DCF00842E19 /* Magus.swift in Sources */ = {isa = PBXBuildFile; fileRef = 43B4E14127672DCF00842E19 /* Magus.swift */; };
		43CFEA9A274B9C6300EDC834 /* main.swift in Sources */ = {isa = PBXBuildFile; fileRef = 43CFEA99274B9C6300EDC834 /* main.swift */; };
		43CFEAA3274B9EAA00EDC834 /* Game.swift in Sources */ = {isa = PBXBuildFile; fileRef = 43CFEAA2274B9EAA00EDC834 /* Game.swift */; };
		43CFEAA5274BA25B00EDC834 /* Character.swift in Sources */ = {isa = PBXBuildFile; fileRef = 43CFEAA4274BA25B00EDC834 /* Character.swift */; };
		43CFEAA7274BA37700EDC834 /* Player.swift in Sources */ = {isa = PBXBuildFile; fileRef = 43CFEAA6274BA37700EDC834 /* Player.swift */; };
		43CFEAA9274BA6FB00EDC834 /* Weapon.swift in Sources */ = {isa = PBXBuildFile; fileRef = 43CFEAA8274BA6FB00EDC834 /* Weapon.swift */; };
/* End PBXBuildFile section */

/* Begin PBXCopyFilesBuildPhase section */
		43CFEA94274B9C6300EDC834 /* CopyFiles */ = {
			isa = PBXCopyFilesBuildPhase;
			buildActionMask = 2147483647;
			dstPath = /usr/share/man/man1/;
			dstSubfolderSpec = 0;
			files = (
			);
			runOnlyForDeploymentPostprocessing = 1;
		};
/* End PBXCopyFilesBuildPhase section */

/* Begin PBXFileReference section */
		43B4E13527672B2200842E19 /* Chest.swift */ = {isa = PBXFileReference; lastKnownFileType = sourcecode.swift; path = Chest.swift; sourceTree = "<group>"; };
		43B4E13727672C5200842E19 /* Axe.swift */ = {isa = PBXFileReference; lastKnownFileType = sourcecode.swift; path = Axe.swift; sourceTree = "<group>"; };
		43B4E13927672C8400842E19 /* Sword.swift */ = {isa = PBXFileReference; lastKnownFileType = sourcecode.swift; path = Sword.swift; sourceTree = "<group>"; };
		43B4E13B27672D9B00842E19 /* Colossus.swift */ = {isa = PBXFileReference; lastKnownFileType = sourcecode.swift; path = Colossus.swift; sourceTree = "<group>"; };
		43B4E13D27672DAB00842E19 /* Dwarf.swift */ = {isa = PBXFileReference; lastKnownFileType = sourcecode.swift; path = Dwarf.swift; sourceTree = "<group>"; };
		43B4E13F27672DC000842E19 /* Warrior.swift */ = {isa = PBXFileReference; lastKnownFileType = sourcecode.swift; path = Warrior.swift; sourceTree = "<group>"; };
		43B4E14127672DCF00842E19 /* Magus.swift */ = {isa = PBXFileReference; lastKnownFileType = sourcecode.swift; path = Magus.swift; sourceTree = "<group>"; };
		43CFEA96274B9C6300EDC834 /* FrenchGame Factory */ = {isa = PBXFileReference; explicitFileType = "compiled.mach-o.executable"; includeInIndex = 0; path = "FrenchGame Factory"; sourceTree = BUILT_PRODUCTS_DIR; };
		43CFEA99274B9C6300EDC834 /* main.swift */ = {isa = PBXFileReference; lastKnownFileType = sourcecode.swift; path = main.swift; sourceTree = "<group>"; };
		43CFEAA2274B9EAA00EDC834 /* Game.swift */ = {isa = PBXFileReference; lastKnownFileType = sourcecode.swift; path = Game.swift; sourceTree = "<group>"; };
		43CFEAA4274BA25B00EDC834 /* Character.swift */ = {isa = PBXFileReference; lastKnownFileType = sourcecode.swift; path = Character.swift; sourceTree = "<group>"; };
		43CFEAA6274BA37700EDC834 /* Player.swift */ = {isa = PBXFileReference; lastKnownFileType = sourcecode.swift; path = Player.swift; sourceTree = "<group>"; };
		43CFEAA8274BA6FB00EDC834 /* Weapon.swift */ = {isa = PBXFileReference; lastKnownFileType = sourcecode.swift; path = Weapon.swift; sourceTree = "<group>"; };
/* End PBXFileReference section */

/* Begin PBXFrameworksBuildPhase section */
		43CFEA93274B9C6300EDC834 /* Frameworks */ = {
			isa = PBXFrameworksBuildPhase;
			buildActionMask = 2147483647;
			files = (
			);
			runOnlyForDeploymentPostprocessing = 0;
		};
/* End PBXFrameworksBuildPhase section */

/* Begin PBXGroup section */
		43CFEA8D274B9C6300EDC834 = {
			isa = PBXGroup;
			children = (
				43CFEA98274B9C6300EDC834 /* FrenchGame Factory */,
				43CFEA97274B9C6300EDC834 /* Products */,
			);
			sourceTree = "<group>";
		};
		43CFEA97274B9C6300EDC834 /* Products */ = {
			isa = PBXGroup;
			children = (
				43CFEA96274B9C6300EDC834 /* FrenchGame Factory */,
			);
			name = Products;
			sourceTree = "<group>";
		};
		43CFEA98274B9C6300EDC834 /* FrenchGame Factory */ = {
			isa = PBXGroup;
			children = (
				43CFEA99274B9C6300EDC834 /* main.swift */,
				43CFEAA2274B9EAA00EDC834 /* Game.swift */,
				43CFEAA6274BA37700EDC834 /* Player.swift */,
				43CFEAA4274BA25B00EDC834 /* Character.swift */,
				43B4E13527672B2200842E19 /* Chest.swift */,
				43CFEAA8274BA6FB00EDC834 /* Weapon.swift */,
				43B4E13727672C5200842E19 /* Axe.swift */,
				43B4E13927672C8400842E19 /* Sword.swift */,
				43B4E13B27672D9B00842E19 /* Colossus.swift */,
				43B4E13D27672DAB00842E19 /* Dwarf.swift */,
				43B4E13F27672DC000842E19 /* Warrior.swift */,
				43B4E14127672DCF00842E19 /* Magus.swift */,
			);
			path = "FrenchGame Factory";
			sourceTree = "<group>";
		};
/* End PBXGroup section */

/* Begin PBXNativeTarget section */
		43CFEA95274B9C6300EDC834 /* FrenchGame Factory */ = {
			isa = PBXNativeTarget;
			buildConfigurationList = 43CFEA9D274B9C6300EDC834 /* Build configuration list for PBXNativeTarget "FrenchGame Factory" */;
			buildPhases = (
				43CFEA92274B9C6300EDC834 /* Sources */,
				43CFEA93274B9C6300EDC834 /* Frameworks */,
				43CFEA94274B9C6300EDC834 /* CopyFiles */,
			);
			buildRules = (
			);
			dependencies = (
			);
			name = "FrenchGame Factory";
			productName = "FrenchGame Factory";
			productReference = 43CFEA96274B9C6300EDC834 /* FrenchGame Factory */;
			productType = "com.apple.product-type.tool";
		};
/* End PBXNativeTarget section */

/* Begin PBXProject section */
		43CFEA8E274B9C6300EDC834 /* Project object */ = {
			isa = PBXProject;
			attributes = {
				BuildIndependentTargetsInParallel = 1;
				LastSwiftUpdateCheck = 1300;
				LastUpgradeCheck = 1300;
				TargetAttributes = {
					43CFEA95274B9C6300EDC834 = {
						CreatedOnToolsVersion = 13.0;
					};
				};
			};
			buildConfigurationList = 43CFEA91274B9C6300EDC834 /* Build configuration list for PBXProject "FrenchGame Factory" */;
			compatibilityVersion = "Xcode 13.0";
			developmentRegion = en;
			hasScannedForEncodings = 0;
			knownRegions = (
				en,
				Base,
			);
			mainGroup = 43CFEA8D274B9C6300EDC834;
			productRefGroup = 43CFEA97274B9C6300EDC834 /* Products */;
			projectDirPath = "";
			projectRoot = "";
			targets = (
				43CFEA95274B9C6300EDC834 /* FrenchGame Factory */,
			);
		};
/* End PBXProject section */

/* Begin PBXSourcesBuildPhase section */
		43CFEA92274B9C6300EDC834 /* Sources */ = {
			isa = PBXSourcesBuildPhase;
			buildActionMask = 2147483647;
			files = (
				43CFEAA9274BA6FB00EDC834 /* Weapon.swift in Sources */,
				43B4E13827672C5200842E19 /* Axe.swift in Sources */,
				43B4E14027672DC000842E19 /* Warrior.swift in Sources */,
				43B4E13E27672DAB00842E19 /* Dwarf.swift in Sources */,
				43CFEAA7274BA37700EDC834 /* Player.swift in Sources */,
				43CFEA9A274B9C6300EDC834 /* main.swift in Sources */,
				43B4E13C27672D9B00842E19 /* Colossus.swift in Sources */,
				43B4E13627672B2200842E19 /* Chest.swift in Sources */,
				43B4E13A27672C8400842E19 /* Sword.swift in Sources */,
				43CFEAA5274BA25B00EDC834 /* Character.swift in Sources */,
				43CFEAA3274B9EAA00EDC834 /* Game.swift in Sources */,
				43B4E14227672DCF00842E19 /* Magus.swift in Sources */,
			);
			runOnlyForDeploymentPostprocessing = 0;
		};
/* End PBXSourcesBuildPhase section */

/* Begin XCBuildConfiguration section */
		43CFEA9B274B9C6300EDC834 /* Debug */ = {
			isa = XCBuildConfiguration;
			buildSettings = {
				ALWAYS_SEARCH_USER_PATHS = NO;
				CLANG_ANALYZER_NONNULL = YES;
				CLANG_ANALYZER_NUMBER_OBJECT_CONVERSION = YES_AGGRESSIVE;
				CLANG_CXX_LANGUAGE_STANDARD = "gnu++17";
				CLANG_CXX_LIBRARY = "libc++";
				CLANG_ENABLE_MODULES = YES;
				CLANG_ENABLE_OBJC_ARC = YES;
				CLANG_ENABLE_OBJC_WEAK = YES;
				CLANG_WARN_BLOCK_CAPTURE_AUTORELEASING = YES;
				CLANG_WARN_BOOL_CONVERSION = YES;
				CLANG_WARN_COMMA = YES;
				CLANG_WARN_CONSTANT_CONVERSION = YES;
				CLANG_WARN_DEPRECATED_OBJC_IMPLEMENTATIONS = YES;
				CLANG_WARN_DIRECT_OBJC_ISA_USAGE = YES_ERROR;
				CLANG_WARN_DOCUMENTATION_COMMENTS = YES;
				CLANG_WARN_EMPTY_BODY = YES;
				CLANG_WARN_ENUM_CONVERSION = YES;
				CLANG_WARN_INFINITE_RECURSION = YES;
				CLANG_WARN_INT_CONVERSION = YES;
				CLANG_WARN_NON_LITERAL_NULL_CONVERSION = YES;
				CLANG_WARN_OBJC_IMPLICIT_RETAIN_SELF = YES;
				CLANG_WARN_OBJC_LITERAL_CONVERSION = YES;
				CLANG_WARN_OBJC_ROOT_CLASS = YES_ERROR;
				CLANG_WARN_QUOTED_INCLUDE_IN_FRAMEWORK_HEADER = YES;
				CLANG_WARN_RANGE_LOOP_ANALYSIS = YES;
				CLANG_WARN_STRICT_PROTOTYPES = YES;
				CLANG_WARN_SUSPICIOUS_MOVE = YES;
				CLANG_WARN_UNGUARDED_AVAILABILITY = YES_AGGRESSIVE;
				CLANG_WARN_UNREACHABLE_CODE = YES;
				CLANG_WARN__DUPLICATE_METHOD_MATCH = YES;
				COPY_PHASE_STRIP = NO;
				DEBUG_INFORMATION_FORMAT = dwarf;
				ENABLE_STRICT_OBJC_MSGSEND = YES;
				ENABLE_TESTABILITY = YES;
				GCC_C_LANGUAGE_STANDARD = gnu11;
				GCC_DYNAMIC_NO_PIC = NO;
				GCC_NO_COMMON_BLOCKS = YES;
				GCC_OPTIMIZATION_LEVEL = 0;
				GCC_PREPROCESSOR_DEFINITIONS = (
					"DEBUG=1",
					"$(inherited)",
				);
				GCC_WARN_64_TO_32_BIT_CONVERSION = YES;
				GCC_WARN_ABOUT_RETURN_TYPE = YES_ERROR;
				GCC_WARN_UNDECLARED_SELECTOR = YES;
				GCC_WARN_UNINITIALIZED_AUTOS = YES_AGGRESSIVE;
				GCC_WARN_UNUSED_FUNCTION = YES;
				GCC_WARN_UNUSED_VARIABLE = YES;
				MACOSX_DEPLOYMENT_TARGET = 11.3;
				MTL_ENABLE_DEBUG_INFO = INCLUDE_SOURCE;
				MTL_FAST_MATH = YES;
				ONLY_ACTIVE_ARCH = YES;
				SDKROOT = macosx;
				SWIFT_ACTIVE_COMPILATION_CONDITIONS = DEBUG;
				SWIFT_OPTIMIZATION_LEVEL = "-Onone";
			};
			name = Debug;
		};
		43CFEA9C274B9C6300EDC834 /* Release */ = {
			isa = XCBuildConfiguration;
			buildSettings = {
				ALWAYS_SEARCH_USER_PATHS = NO;
				CLANG_ANALYZER_NONNULL = YES;
				CLANG_ANALYZER_NUMBER_OBJECT_CONVERSION = YES_AGGRESSIVE;
				CLANG_CXX_LANGUAGE_STANDARD = "gnu++17";
				CLANG_CXX_LIBRARY = "libc++";
				CLANG_ENABLE_MODULES = YES;
				CLANG_ENABLE_OBJC_ARC = YES;
				CLANG_ENABLE_OBJC_WEAK = YES;
				CLANG_WARN_BLOCK_CAPTURE_AUTORELEASING = YES;
				CLANG_WARN_BOOL_CONVERSION = YES;
				CLANG_WARN_COMMA = YES;
				CLANG_WARN_CONSTANT_CONVERSION = YES;
				CLANG_WARN_DEPRECATED_OBJC_IMPLEMENTATIONS = YES;
				CLANG_WARN_DIRECT_OBJC_ISA_USAGE = YES_ERROR;
				CLANG_WARN_DOCUMENTATION_COMMENTS = YES;
				CLANG_WARN_EMPTY_BODY = YES;
				CLANG_WARN_ENUM_CONVERSION = YES;
				CLANG_WARN_INFINITE_RECURSION = YES;
				CLANG_WARN_INT_CONVERSION = YES;
				CLANG_WARN_NON_LITERAL_NULL_CONVERSION = YES;
				CLANG_WARN_OBJC_IMPLICIT_RETAIN_SELF = YES;
				CLANG_WARN_OBJC_LITERAL_CONVERSION = YES;
				CLANG_WARN_OBJC_ROOT_CLASS = YES_ERROR;
				CLANG_WARN_QUOTED_INCLUDE_IN_FRAMEWORK_HEADER = YES;
				CLANG_WARN_RANGE_LOOP_ANALYSIS = YES;
				CLANG_WARN_STRICT_PROTOTYPES = YES;
				CLANG_WARN_SUSPICIOUS_MOVE = YES;
				CLANG_WARN_UNGUARDED_AVAILABILITY = YES_AGGRESSIVE;
				CLANG_WARN_UNREACHABLE_CODE = YES;
				CLANG_WARN__DUPLICATE_METHOD_MATCH = YES;
				COPY_PHASE_STRIP = NO;
				DEBUG_INFORMATION_FORMAT = "dwarf-with-dsym";
				ENABLE_NS_ASSERTIONS = NO;
				ENABLE_STRICT_OBJC_MSGSEND = YES;
				GCC_C_LANGUAGE_STANDARD = gnu11;
				GCC_NO_COMMON_BLOCKS = YES;
				GCC_WARN_64_TO_32_BIT_CONVERSION = YES;
				GCC_WARN_ABOUT_RETURN_TYPE = YES_ERROR;
				GCC_WARN_UNDECLARED_SELECTOR = YES;
				GCC_WARN_UNINITIALIZED_AUTOS = YES_AGGRESSIVE;
				GCC_WARN_UNUSED_FUNCTION = YES;
				GCC_WARN_UNUSED_VARIABLE = YES;
				MACOSX_DEPLOYMENT_TARGET = 11.3;
				MTL_ENABLE_DEBUG_INFO = NO;
				MTL_FAST_MATH = YES;
				SDKROOT = macosx;
				SWIFT_COMPILATION_MODE = wholemodule;
				SWIFT_OPTIMIZATION_LEVEL = "-O";
			};
			name = Release;
		};
		43CFEA9E274B9C6300EDC834 /* Debug */ = {
			isa = XCBuildConfiguration;
			buildSettings = {
				CODE_SIGN_STYLE = Automatic;
				PRODUCT_NAME = "$(TARGET_NAME)";
				SWIFT_VERSION = 5.0;
			};
			name = Debug;
		};
		43CFEA9F274B9C6300EDC834 /* Release */ = {
			isa = XCBuildConfiguration;
			buildSettings = {
				CODE_SIGN_STYLE = Automatic;
				PRODUCT_NAME = "$(TARGET_NAME)";
				SWIFT_VERSION = 5.0;
			};
			name = Release;
		};
/* End XCBuildConfiguration section */

/* Begin XCConfigurationList section */
		43CFEA91274B9C6300EDC834 /* Build configuration list for PBXProject "FrenchGame Factory" */ = {
			isa = XCConfigurationList;
			buildConfigurations = (
				43CFEA9B274B9C6300EDC834 /* Debug */,
				43CFEA9C274B9C6300EDC834 /* Release */,
			);
			defaultConfigurationIsVisible = 0;
			defaultConfigurationName = Release;
		};
		43CFEA9D274B9C6300EDC834 /* Build configuration list for PBXNativeTarget "FrenchGame Factory" */ = {
			isa = XCConfigurationList;
			buildConfigurations = (
				43CFEA9E274B9C6300EDC834 /* Debug */,
				43CFEA9F274B9C6300EDC834 /* Release */,
			);
			defaultConfigurationIsVisible = 0;
			defaultConfigurationName = Release;
		};
/* End XCConfigurationList section */
	};
	rootObject = 43CFEA8E274B9C6300EDC834 /* Project object */;
}
